
Microsoft Visual Studio Solution File, Format Version 12.00
# Visual Studio Version 16
VisualStudioVersion = 16.0.29613.14
MinimumVisualStudioVersion = 10.0.40219.1
Project("{9092AA53-FB77-4645-B42D-1CCCA6BD08BD}") = "WeatherReport", "WeatherReport\WeatherReport.njsproj", "{13007D67-60D0-42E3-A89B-F54C462F0BF4}"
EndProject
Global
	GlobalSection(SolutionConfigurationPlatforms) = preSolution
		Debug|Any CPU = Debug|Any CPU
		Release|Any CPU = Release|Any CPU
	EndGlobalSection
	GlobalSection(ProjectConfigurationPlatforms) = postSolution
		{13007D67-60D0-42E3-A89B-F54C462F0BF4}.Debug|Any CPU.ActiveCfg = Debug|Any CPU
		{13007D67-60D0-42E3-A89B-F54C462F0BF4}.Debug|Any CPU.Build.0 = Debug|Any CPU
		{13007D67-60D0-42E3-A89B-F54C462F0BF4}.Release|Any CPU.ActiveCfg = Release|Any CPU
		{13007D67-60D0-42E3-A89B-F54C462F0BF4}.Release|Any CPU.Build.0 = Release|Any CPU
	EndGlobalSection
	GlobalSection(SolutionProperties) = preSolution
		HideSolutionNode = FALSE
	EndGlobalSection
	GlobalSection(ExtensibilityGlobals) = postSolution
		SolutionGuid = {067C00F3-5C5A-4675-910C-DFB2FC14C66E}
	EndGlobalSection
EndGlobal
